
Microsoft Visual Studio Solution File, Format Version 12.00
# Visual Studio Version 17
VisualStudioVersion = 17.4.33213.308
MinimumVisualStudioVersion = 10.0.40219.1
Project("{FAE04EC0-301F-11D3-BF4B-00C04F79EFBC}") = "T03", "T03.csproj", "{556305C8-62CF-4151-9D25-5313DED1914B}"
EndProject
Global
	GlobalSection(SolutionConfigurationPlatforms) = preSolution
		Debug|Any CPU = Debug|Any CPU
		Release|Any CPU = Release|Any CPU
	EndGlobalSection
	GlobalSection(ProjectConfigurationPlatforms) = postSolution
		{556305C8-62CF-4151-9D25-5313DED1914B}.Debug|Any CPU.ActiveCfg = Debug|Any CPU
		{556305C8-62CF-4151-9D25-5313DED1914B}.Debug|Any CPU.Build.0 = Debug|Any CPU
		{556305C8-62CF-4151-9D25-5313DED1914B}.Release|Any CPU.ActiveCfg = Release|Any CPU
		{556305C8-62CF-4151-9D25-5313DED1914B}.Release|Any CPU.Build.0 = Release|Any CPU
	EndGlobalSection
	GlobalSection(SolutionProperties) = preSolution
		HideSolutionNode = FALSE
	EndGlobalSection
	GlobalSection(ExtensibilityGlobals) = postSolution
		SolutionGuid = {3FB8EDE3-2E6F-4DCE-96C2-031F62CDB78E}
	EndGlobalSection
EndGlobal
